{
  "name": "@gabrieljablonski/amcp-protocol",
  "version": "0.1.0",
  "lockfileVersion": 1,
  "requires": true,
  "dependencies": {
    "callsite": {
      "version": "1.0.0",
      "resolved": "https://registry.npmjs.org/callsite/-/callsite-1.0.0.tgz",
      "integrity": "sha1-KAOY5dZkvXQDi28JBRU+borxvCA=",
      "dev": true
    },
    "colors": {
      "version": "0.6.0-1",
      "resolved": "https://registry.npmjs.org/colors/-/colors-0.6.0-1.tgz",
      "integrity": "sha1-bbtozri8YPKzE9zFzhWZ8G0Z5no=",
      "dev": true
    },
    "fast-xml-parser": {
      "version": "3.17.4",
      "resolved": "https://registry.npmjs.org/fast-xml-parser/-/fast-xml-parser-3.17.4.tgz",
      "integrity": "sha512-qudnQuyYBgnvzf5Lj/yxMcf4L9NcVWihXJg7CiU1L+oUCq8MUnFEfH2/nXR/W5uq+yvUN1h7z6s7vs2v1WkL1A=="
    },
    "hotload": {
      "version": "0.0.5",
      "resolved": "https://registry.npmjs.org/hotload/-/hotload-0.0.5.tgz",
      "integrity": "sha1-2Awz1r2/nB+LHMDF88OgbWv4CP8=",
      "dev": true,
      "requires": {
        "callsite": "1.0.0",
        "colors": "0.6.0-1"
      }
    }
  }
}
